# This file was autogenerated by Stack.
# You should not edit this file by hand.
# For more information, please see the documentation at:
#   https://docs.haskellstack.org/en/stable/lock_files

packages:
- completed:
    hackage: monad-var-0.2.2.0@sha256:676a99b61173859c9bba1093f3779832a29f6d3eed9a74dbb0e190f10874717f,2186
    pantry-tree:
      size: 902
      sha256: b8887d397ac332ef7a35e404917724ef985ee1c3699895e1e7717cd94f35019b
  original:
    hackage: monad-var-0.2.2.0
snapshots:
- completed:
    size: 567679
    url: https://raw.githubusercontent.com/commercialhaskell/stackage-snapshots/master/lts/17/15.yaml
    sha256: 72e87841a0ab5b72f6f018e8ee692fd972b7bb32a944990f028e10d6eb528e63
  original: lts-17.15
